<Solution>
    <Folder Name="/src/">
        <Project Path="Configuration\src\Configuration\Configuration.csproj" Type="Classic C#" />
    </Folder>
    <Folder Name="/test/">
        <Project Path="Configuration\test\ConfigurationTests\ConfigurationTests.csproj" Type="Classic C#" />
    </Folder>
</Solution>